
Microsoft Visual Studio Solution File, Format Version 12.00
# Visual Studio Version 17
VisualStudioVersion = 17.5.33627.172
MinimumVisualStudioVersion = 10.0.40219.1
Project("{9A19103F-16F7-4668-BE54-9A1E7A4F7556}") = "Assignment1_PhamHoangTien_SE160239", "Assignment1_PhamHoangTien_SE160239\Assignment1_PhamHoangTien_SE160239.csproj", "{2ABC8E8F-8FBB-419B-A120-DFC8D6C65153}"
EndProject
Project("{FAE04EC0-301F-11D3-BF4B-00C04F79EFBC}") = "EmployeeManagementBO", "EmployeeManagementBO\EmployeeManagementBO.csproj", "{F6B870E2-787B-4070-A82C-B0509FCC2B32}"
EndProject
Project("{FAE04EC0-301F-11D3-BF4B-00C04F79EFBC}") = "EmployeeManagementDAO", "EmployeeManagementDAO\EmployeeManagementDAO.csproj", "{69DCBC44-EFCB-463C-8D4C-8E90559D1636}"
EndProject
Project("{FAE04EC0-301F-11D3-BF4B-00C04F79EFBC}") = "EmployeeManagementRepository", "EmployeeManagementRepository\EmployeeManagementRepository.csproj", "{C8F99970-CA1F-4DC8-8822-0EFFFF648D6E}"
EndProject
Project("{FAE04EC0-301F-11D3-BF4B-00C04F79EFBC}") = "EmployeeManagementService", "EmployeeManagementService\EmployeeManagementService.csproj", "{AA193A42-FC93-4881-810D-D756B1C3098D}"
EndProject
Global
	GlobalSection(SolutionConfigurationPlatforms) = preSolution
		Debug|Any CPU = Debug|Any CPU
		Release|Any CPU = Release|Any CPU
	EndGlobalSection
	GlobalSection(ProjectConfigurationPlatforms) = postSolution
		{2ABC8E8F-8FBB-419B-A120-DFC8D6C65153}.Debug|Any CPU.ActiveCfg = Debug|Any CPU
		{2ABC8E8F-8FBB-419B-A120-DFC8D6C65153}.Debug|Any CPU.Build.0 = Debug|Any CPU
		{2ABC8E8F-8FBB-419B-A120-DFC8D6C65153}.Release|Any CPU.ActiveCfg = Release|Any CPU
		{2ABC8E8F-8FBB-419B-A120-DFC8D6C65153}.Release|Any CPU.Build.0 = Release|Any CPU
		{F6B870E2-787B-4070-A82C-B0509FCC2B32}.Debug|Any CPU.ActiveCfg = Debug|Any CPU
		{F6B870E2-787B-4070-A82C-B0509FCC2B32}.Debug|Any CPU.Build.0 = Debug|Any CPU
		{F6B870E2-787B-4070-A82C-B0509FCC2B32}.Release|Any CPU.ActiveCfg = Release|Any CPU
		{F6B870E2-787B-4070-A82C-B0509FCC2B32}.Release|Any CPU.Build.0 = Release|Any CPU
		{69DCBC44-EFCB-463C-8D4C-8E90559D1636}.Debug|Any CPU.ActiveCfg = Debug|Any CPU
		{69DCBC44-EFCB-463C-8D4C-8E90559D1636}.Debug|Any CPU.Build.0 = Debug|Any CPU
		{69DCBC44-EFCB-463C-8D4C-8E90559D1636}.Release|Any CPU.ActiveCfg = Release|Any CPU
		{69DCBC44-EFCB-463C-8D4C-8E90559D1636}.Release|Any CPU.Build.0 = Release|Any CPU
		{C8F99970-CA1F-4DC8-8822-0EFFFF648D6E}.Debug|Any CPU.ActiveCfg = Debug|Any CPU
		{C8F99970-CA1F-4DC8-8822-0EFFFF648D6E}.Debug|Any CPU.Build.0 = Debug|Any CPU
		{C8F99970-CA1F-4DC8-8822-0EFFFF648D6E}.Release|Any CPU.ActiveCfg = Release|Any CPU
		{C8F99970-CA1F-4DC8-8822-0EFFFF648D6E}.Release|Any CPU.Build.0 = Release|Any CPU
		{AA193A42-FC93-4881-810D-D756B1C3098D}.Debug|Any CPU.ActiveCfg = Debug|Any CPU
		{AA193A42-FC93-4881-810D-D756B1C3098D}.Debug|Any CPU.Build.0 = Debug|Any CPU
		{AA193A42-FC93-4881-810D-D756B1C3098D}.Release|Any CPU.ActiveCfg = Release|Any CPU
		{AA193A42-FC93-4881-810D-D756B1C3098D}.Release|Any CPU.Build.0 = Release|Any CPU
	EndGlobalSection
	GlobalSection(SolutionProperties) = preSolution
		HideSolutionNode = FALSE
	EndGlobalSection
	GlobalSection(ExtensibilityGlobals) = postSolution
		SolutionGuid = {3D11F813-B5FB-44B0-82B9-5DE87BCAC2A5}
	EndGlobalSection
EndGlobal
